
Microsoft Visual Studio Solution File, Format Version 12.00
# Visual Studio Version 17
VisualStudioVersion = 17.2.32616.157
MinimumVisualStudioVersion = 10.0.40219.1
Project("{FAE04EC0-301F-11D3-BF4B-00C04F79EFBC}") = "TimeSheets", "TimeSheets\TimeSheets.csproj", "{BDC6FC0D-D9D1-4FB0-ACDE-5640BDBCD2B7}"
EndProject
Global
	GlobalSection(SolutionConfigurationPlatforms) = preSolution
		Debug|Any CPU = Debug|Any CPU
		Release|Any CPU = Release|Any CPU
	EndGlobalSection
	GlobalSection(ProjectConfigurationPlatforms) = postSolution
		{BDC6FC0D-D9D1-4FB0-ACDE-5640BDBCD2B7}.Debug|Any CPU.ActiveCfg = Debug|Any CPU
		{BDC6FC0D-D9D1-4FB0-ACDE-5640BDBCD2B7}.Debug|Any CPU.Build.0 = Debug|Any CPU
		{BDC6FC0D-D9D1-4FB0-ACDE-5640BDBCD2B7}.Release|Any CPU.ActiveCfg = Release|Any CPU
		{BDC6FC0D-D9D1-4FB0-ACDE-5640BDBCD2B7}.Release|Any CPU.Build.0 = Release|Any CPU
	EndGlobalSection
	GlobalSection(SolutionProperties) = preSolution
		HideSolutionNode = FALSE
	EndGlobalSection
	GlobalSection(ExtensibilityGlobals) = postSolution
		SolutionGuid = {D0CBECE6-6768-4DD9-8A3D-E46A175A7A92}
	EndGlobalSection
EndGlobal
